
Microsoft Visual Studio Solution File, Format Version 12.00
# Visual Studio Version 17
VisualStudioVersion = 17.10.35122.118
MinimumVisualStudioVersion = 10.0.40219.1
Project("{9A19103F-16F7-4668-BE54-9A1E7A4F7556}") = "MiniStore.Models", "MiniStore.Models\MiniStore.Models.csproj", "{8E2FDAD2-8F7E-42E0-809E-9B22DAD992FE}"
EndProject
Project("{FAE04EC0-301F-11D3-BF4B-00C04F79EFBC}") = "MiniStore.Data", "MiniStore.Data\MiniStore.Data.csproj", "{64CDEB4D-F83B-4685-8DD4-A923A1E35C2E}"
EndProject
Global
	GlobalSection(SolutionConfigurationPlatforms) = preSolution
		Debug|Any CPU = Debug|Any CPU
		Release|Any CPU = Release|Any CPU
	EndGlobalSection
	GlobalSection(ProjectConfigurationPlatforms) = postSolution
		{8E2FDAD2-8F7E-42E0-809E-9B22DAD992FE}.Debug|Any CPU.ActiveCfg = Debug|Any CPU
		{8E2FDAD2-8F7E-42E0-809E-9B22DAD992FE}.Debug|Any CPU.Build.0 = Debug|Any CPU
		{8E2FDAD2-8F7E-42E0-809E-9B22DAD992FE}.Release|Any CPU.ActiveCfg = Release|Any CPU
		{8E2FDAD2-8F7E-42E0-809E-9B22DAD992FE}.Release|Any CPU.Build.0 = Release|Any CPU
		{64CDEB4D-F83B-4685-8DD4-A923A1E35C2E}.Debug|Any CPU.ActiveCfg = Debug|Any CPU
		{64CDEB4D-F83B-4685-8DD4-A923A1E35C2E}.Debug|Any CPU.Build.0 = Debug|Any CPU
		{64CDEB4D-F83B-4685-8DD4-A923A1E35C2E}.Release|Any CPU.ActiveCfg = Release|Any CPU
		{64CDEB4D-F83B-4685-8DD4-A923A1E35C2E}.Release|Any CPU.Build.0 = Release|Any CPU
	EndGlobalSection
	GlobalSection(SolutionProperties) = preSolution
		HideSolutionNode = FALSE
	EndGlobalSection
	GlobalSection(ExtensibilityGlobals) = postSolution
		SolutionGuid = {BDA7ED1A-974C-4630-B53A-51BF8227A9D4}
	EndGlobalSection
EndGlobal
